<?xml version="1.0" encoding="UTF-8" standalone="yes" ?>
<CodeBlocks_project_file>
	<FileVersion major="1" minor="6" />
	<Project>
		<Option title="basic" />
		<Option pch_mode="2" />
		<Option compiler="gcc" />
		<Build>
			<Target title="Debug">
				<Option output="bin/Debug/basic" prefix_auto="1" extension_auto="1" />
				<Option object_output="obj/Debug/" />
				<Option type="1" />
				<Option compiler="gcc" />
				<Compiler>
					<Add option="-g" />
				</Compiler>
			</Target>
			<Target title="Release">
				<Option output="bin/Release/basic" prefix_auto="1" extension_auto="1" />
				<Option object_output="obj/Release/" />
				<Option type="1" />
				<Option compiler="gcc" />
				<Compiler>
					<Add option="-O2" />
				</Compiler>
				<Linker>
					<Add option="-s" />
				</Linker>
			</Target>
		</Build>
		<Compiler>
			<Add option="-Wall" />
			<Add option="-std=c++11" />
			<Add option="-fexceptions -I." />
		</Compiler>
		<Unit filename="ast/all.h" />
		<Unit filename="ast/and_expression.h" />
		<Unit filename="ast/base.h" />
		<Unit filename="ast/cast_expression.h" />
		<Unit filename="ast/code_block.h" />
		<Unit filename="ast/expression.h" />
		<Unit filename="ast/expressions.cpp" />
		<Unit filename="ast/if_statement.h" />
		<Unit filename="ast/literal_expression.h" />
		<Unit filename="ast/or_expression.h" />
		<Unit filename="ast/statement.h" />
		<Unit filename="ast/symbol_table.h" />
		<Unit filename="ast/type.h" />
		<Unit filename="ast/type_builtin.cpp" />
		<Unit filename="ast/type_builtin.h" />
		<Unit filename="ast/xor_expression.h" />
		<Unit filename="basic.parser">
			<Option compile="1" />
			<Option link="1" />
			<Option weight="60" />
			<Option compiler="gcc" use="1" buildCommand="(test basic.parser -ot basic.parser.cpp -a basic.parser -ot basic.parser.h || (echo parser-generator -v basic.parser; parser-generator -v basic.parser)) &amp;&amp; (echo $compiler $options $includes -c basic.parser.cpp -o $object; $compiler $options $includes -c basic.parser.cpp -o $object)" />
		</Unit>
		<Unit filename="error.h" />
		<Unit filename="location.h" />
		<Unit filename="main.cpp">
			<Option weight="70" />
		</Unit>
		<Unit filename="string_cast.h" />
		<Unit filename="tokenizer.h" />
		<Extensions>
			<code_completion />
			<envvars />
			<debugger />
			<lib_finder disable_auto="1" />
		</Extensions>
	</Project>
</CodeBlocks_project_file>
